// !$*UTF8*$!
{
	archiveVersion = 1;
	classes = {
	};
	objectVersion = 50;
	objects = {

/* Begin PBXBuildFile section */
		6642AD4B2179A4FC0013411F /* SwiftyJSON.swift in Sources */ = {isa = PBXBuildFile; fileRef = 6642AD4A2179A4FC0013411F /* SwiftyJSON.swift */; };
		D13CFE3F2176F7AA00151B0F /* city.list.json in Resources */ = {isa = PBXBuildFile; fileRef = D13CFE3E2176F7A900151B0F /* city.list.json */; };
		D14152E3218C086E006FF145 /* MapViewController.swift in Sources */ = {isa = PBXBuildFile; fileRef = D14152E2218C086E006FF145 /* MapViewController.swift */; };
		D1424BAB217999C6009AF39E /* snow.jpg in Resources */ = {isa = PBXBuildFile; fileRef = D1424BA7217999C6009AF39E /* snow.jpg */; };
		D1424BAC217999C6009AF39E /* sunny.jpg in Resources */ = {isa = PBXBuildFile; fileRef = D1424BA8217999C6009AF39E /* sunny.jpg */; };
		D1424BAD217999C6009AF39E /* cloud.jpg in Resources */ = {isa = PBXBuildFile; fileRef = D1424BA9217999C6009AF39E /* cloud.jpg */; };
		D1424BAE217999C6009AF39E /* rain.jpg in Resources */ = {isa = PBXBuildFile; fileRef = D1424BAA217999C6009AF39E /* rain.jpg */; };
		D1CF9EBC216DBA9E001126CD /* CityTableViewController.swift in Sources */ = {isa = PBXBuildFile; fileRef = D1CF9EBB216DBA9E001126CD /* CityTableViewController.swift */; };
		D1F7358321929F9B00355893 /* HomeCitiesTableViewController.swift in Sources */ = {isa = PBXBuildFile; fileRef = D1F7358221929F9B00355893 /* HomeCitiesTableViewController.swift */; };
		FF3A6D7E216DB41C002210E9 /* AppDelegate.swift in Sources */ = {isa = PBXBuildFile; fileRef = FF3A6D7D216DB41C002210E9 /* AppDelegate.swift */; };
		FF3A6D80216DB41C002210E9 /* ViewController.swift in Sources */ = {isa = PBXBuildFile; fileRef = FF3A6D7F216DB41C002210E9 /* ViewController.swift */; };
		FF3A6D83216DB41C002210E9 /* Main.storyboard in Resources */ = {isa = PBXBuildFile; fileRef = FF3A6D81216DB41C002210E9 /* Main.storyboard */; };
		FF3A6D85216DB41E002210E9 /* Assets.xcassets in Resources */ = {isa = PBXBuildFile; fileRef = FF3A6D84216DB41E002210E9 /* Assets.xcassets */; };
		FF3A6D88216DB41E002210E9 /* LaunchScreen.storyboard in Resources */ = {isa = PBXBuildFile; fileRef = FF3A6D86216DB41E002210E9 /* LaunchScreen.storyboard */; };
		FFA7A2412192B04A003E62E2 /* Kang.png in Resources */ = {isa = PBXBuildFile; fileRef = FFA7A23F2192B04A003E62E2 /* Kang.png */; };
		FFA7A2422192B04A003E62E2 /* Joon.png in Resources */ = {isa = PBXBuildFile; fileRef = FFA7A2402192B04A003E62E2 /* Joon.png */; };
/* End PBXBuildFile section */

/* Begin PBXFileReference section */
		6642AD4A2179A4FC0013411F /* SwiftyJSON.swift */ = {isa = PBXFileReference; fileEncoding = 4; lastKnownFileType = sourcecode.swift; path = SwiftyJSON.swift; sourceTree = "<group>"; };
		D13CFE3E2176F7A900151B0F /* city.list.json */ = {isa = PBXFileReference; fileEncoding = 4; lastKnownFileType = text.json; path = city.list.json; sourceTree = "<group>"; };
		D14152E2218C086E006FF145 /* MapViewController.swift */ = {isa = PBXFileReference; lastKnownFileType = sourcecode.swift; path = MapViewController.swift; sourceTree = "<group>"; };
		D1424BA7217999C6009AF39E /* snow.jpg */ = {isa = PBXFileReference; lastKnownFileType = image.jpeg; path = snow.jpg; sourceTree = "<group>"; };
		D1424BA8217999C6009AF39E /* sunny.jpg */ = {isa = PBXFileReference; lastKnownFileType = image.jpeg; path = sunny.jpg; sourceTree = "<group>"; };
		D1424BA9217999C6009AF39E /* cloud.jpg */ = {isa = PBXFileReference; lastKnownFileType = image.jpeg; path = cloud.jpg; sourceTree = "<group>"; };
		D1424BAA217999C6009AF39E /* rain.jpg */ = {isa = PBXFileReference; lastKnownFileType = image.jpeg; path = rain.jpg; sourceTree = "<group>"; };
		D1CF9EBB216DBA9E001126CD /* CityTableViewController.swift */ = {isa = PBXFileReference; lastKnownFileType = sourcecode.swift; path = CityTableViewController.swift; sourceTree = "<group>"; };
		D1F7358221929F9B00355893 /* HomeCitiesTableViewController.swift */ = {isa = PBXFileReference; lastKnownFileType = sourcecode.swift; path = HomeCitiesTableViewController.swift; sourceTree = "<group>"; };
		FF3A6D7A216DB41C002210E9 /* Weather.app */ = {isa = PBXFileReference; explicitFileType = wrapper.application; includeInIndex = 0; path = Weather.app; sourceTree = BUILT_PRODUCTS_DIR; };
		FF3A6D7D216DB41C002210E9 /* AppDelegate.swift */ = {isa = PBXFileReference; lastKnownFileType = sourcecode.swift; path = AppDelegate.swift; sourceTree = "<group>"; };
		FF3A6D7F216DB41C002210E9 /* ViewController.swift */ = {isa = PBXFileReference; lastKnownFileType = sourcecode.swift; path = ViewController.swift; sourceTree = "<group>"; };
		FF3A6D82216DB41C002210E9 /* Base */ = {isa = PBXFileReference; lastKnownFileType = file.storyboard; name = Base; path = Base.lproj/Main.storyboard; sourceTree = "<group>"; };
		FF3A6D84216DB41E002210E9 /* Assets.xcassets */ = {isa = PBXFileReference; lastKnownFileType = folder.assetcatalog; path = Assets.xcassets; sourceTree = "<group>"; };
		FF3A6D87216DB41E002210E9 /* Base */ = {isa = PBXFileReference; lastKnownFileType = file.storyboard; name = Base; path = Base.lproj/LaunchScreen.storyboard; sourceTree = "<group>"; };
		FF3A6D89216DB41E002210E9 /* Info.plist */ = {isa = PBXFileReference; lastKnownFileType = text.plist.xml; path = Info.plist; sourceTree = "<group>"; };
		FFA7A23F2192B04A003E62E2 /* Kang.png */ = {isa = PBXFileReference; lastKnownFileType = image.png; path = Kang.png; sourceTree = "<group>"; };
		FFA7A2402192B04A003E62E2 /* Joon.png */ = {isa = PBXFileReference; lastKnownFileType = image.png; path = Joon.png; sourceTree = "<group>"; };
/* End PBXFileReference section */

/* Begin PBXFrameworksBuildPhase section */
		FF3A6D77216DB41C002210E9 /* Frameworks */ = {
			isa = PBXFrameworksBuildPhase;
			buildActionMask = 2147483647;
			files = (
			);
			runOnlyForDeploymentPostprocessing = 0;
		};
/* End PBXFrameworksBuildPhase section */

/* Begin PBXGroup section */
		D1424BA6217999C6009AF39E /* WeatherBackgroud */ = {
			isa = PBXGroup;
			children = (
				D1424BA7217999C6009AF39E /* snow.jpg */,
				D1424BA8217999C6009AF39E /* sunny.jpg */,
				D1424BA9217999C6009AF39E /* cloud.jpg */,
				D1424BAA217999C6009AF39E /* rain.jpg */,
			);
			path = WeatherBackgroud;
			sourceTree = "<group>";
		};
		FF3A6D71216DB41C002210E9 = {
			isa = PBXGroup;
			children = (
				FF3A6D7C216DB41C002210E9 /* Weather */,
				FF3A6D7B216DB41C002210E9 /* Products */,
			);
			sourceTree = "<group>";
		};
		FF3A6D7B216DB41C002210E9 /* Products */ = {
			isa = PBXGroup;
			children = (
				FF3A6D7A216DB41C002210E9 /* Weather.app */,
			);
			name = Products;
			sourceTree = "<group>";
		};
		FF3A6D7C216DB41C002210E9 /* Weather */ = {
			isa = PBXGroup;
			children = (
				D1F7358221929F9B00355893 /* HomeCitiesTableViewController.swift */,
				FF3A6D7D216DB41C002210E9 /* AppDelegate.swift */,
				FF3A6D7F216DB41C002210E9 /* ViewController.swift */,
				FF3A6D81216DB41C002210E9 /* Main.storyboard */,
				D14152E2218C086E006FF145 /* MapViewController.swift */,
				6642AD4A2179A4FC0013411F /* SwiftyJSON.swift */,
				D1CF9EBB216DBA9E001126CD /* CityTableViewController.swift */,
				FF3A6D84216DB41E002210E9 /* Assets.xcassets */,
				FF3A6D86216DB41E002210E9 /* LaunchScreen.storyboard */,
				FF3A6D89216DB41E002210E9 /* Info.plist */,
				D13CFE3E2176F7A900151B0F /* city.list.json */,
				FFA7A2402192B04A003E62E2 /* Joon.png */,
				FFA7A23F2192B04A003E62E2 /* Kang.png */,
				D1424BA6217999C6009AF39E /* WeatherBackgroud */,
			);
			path = Weather;
			sourceTree = "<group>";
		};
/* End PBXGroup section */

/* Begin PBXNativeTarget section */
		FF3A6D79216DB41C002210E9 /* Weather */ = {
			isa = PBXNativeTarget;
			buildConfigurationList = FF3A6D8C216DB41E002210E9 /* Build configuration list for PBXNativeTarget "Weather" */;
			buildPhases = (
				FF3A6D76216DB41C002210E9 /* Sources */,
				FF3A6D77216DB41C002210E9 /* Frameworks */,
				FF3A6D78216DB41C002210E9 /* Resources */,
			);
			buildRules = (
			);
			dependencies = (
			);
			name = Weather;
			productName = Weather;
			productReference = FF3A6D7A216DB41C002210E9 /* Weather.app */;
			productType = "com.apple.product-type.application";
		};
/* End PBXNativeTarget section */

/* Begin PBXProject section */
		FF3A6D72216DB41C002210E9 /* Project object */ = {
			isa = PBXProject;
			attributes = {
				LastSwiftUpdateCheck = 1000;
				LastUpgradeCheck = 1000;
				ORGANIZATIONNAME = "kang haejoon";
				TargetAttributes = {
					FF3A6D79216DB41C002210E9 = {
						CreatedOnToolsVersion = 10.0;
					};
				};
			};
			buildConfigurationList = FF3A6D75216DB41C002210E9 /* Build configuration list for PBXProject "Weather" */;
			compatibilityVersion = "Xcode 9.3";
			developmentRegion = en;
			hasScannedForEncodings = 0;
			knownRegions = (
				en,
				Base,
			);
			mainGroup = FF3A6D71216DB41C002210E9;
			productRefGroup = FF3A6D7B216DB41C002210E9 /* Products */;
			projectDirPath = "";
			projectRoot = "";
			targets = (
				FF3A6D79216DB41C002210E9 /* Weather */,
			);
		};
/* End PBXProject section */

/* Begin PBXResourcesBuildPhase section */
		FF3A6D78216DB41C002210E9 /* Resources */ = {
			isa = PBXResourcesBuildPhase;
			buildActionMask = 2147483647;
			files = (
				FFA7A2412192B04A003E62E2 /* Kang.png in Resources */,
				FF3A6D88216DB41E002210E9 /* LaunchScreen.storyboard in Resources */,
				D1424BAE217999C6009AF39E /* rain.jpg in Resources */,
				D1424BAC217999C6009AF39E /* sunny.jpg in Resources */,
				D1424BAD217999C6009AF39E /* cloud.jpg in Resources */,
				D1424BAB217999C6009AF39E /* snow.jpg in Resources */,
				D13CFE3F2176F7AA00151B0F /* city.list.json in Resources */,
				FFA7A2422192B04A003E62E2 /* Joon.png in Resources */,
				FF3A6D85216DB41E002210E9 /* Assets.xcassets in Resources */,
				FF3A6D83216DB41C002210E9 /* Main.storyboard in Resources */,
			);
			runOnlyForDeploymentPostprocessing = 0;
		};
/* End PBXResourcesBuildPhase section */

/* Begin PBXSourcesBuildPhase section */
		FF3A6D76216DB41C002210E9 /* Sources */ = {
			isa = PBXSourcesBuildPhase;
			buildActionMask = 2147483647;
			files = (
				D1CF9EBC216DBA9E001126CD /* CityTableViewController.swift in Sources */,
				D1F7358321929F9B00355893 /* HomeCitiesTableViewController.swift in Sources */,
				FF3A6D80216DB41C002210E9 /* ViewController.swift in Sources */,
				FF3A6D7E216DB41C002210E9 /* AppDelegate.swift in Sources */,
				D14152E3218C086E006FF145 /* MapViewController.swift in Sources */,
				6642AD4B2179A4FC0013411F /* SwiftyJSON.swift in Sources */,
			);
			runOnlyForDeploymentPostprocessing = 0;
		};
/* End PBXSourcesBuildPhase section */

/* Begin PBXVariantGroup section */
		FF3A6D81216DB41C002210E9 /* Main.storyboard */ = {
			isa = PBXVariantGroup;
			children = (
				FF3A6D82216DB41C002210E9 /* Base */,
			);
			name = Main.storyboard;
			sourceTree = "<group>";
		};
		FF3A6D86216DB41E002210E9 /* LaunchScreen.storyboard */ = {
			isa = PBXVariantGroup;
			children = (
				FF3A6D87216DB41E002210E9 /* Base */,
			);
			name = LaunchScreen.storyboard;
			sourceTree = "<group>";
		};
/* End PBXVariantGroup section */

/* Begin XCBuildConfiguration section */
		FF3A6D8A216DB41E002210E9 /* Debug */ = {
			isa = XCBuildConfiguration;
			buildSettings = {
				ALWAYS_SEARCH_USER_PATHS = NO;
				CLANG_ANALYZER_NONNULL = YES;
				CLANG_ANALYZER_NUMBER_OBJECT_CONVERSION = YES_AGGRESSIVE;
				CLANG_CXX_LANGUAGE_STANDARD = "gnu++14";
				CLANG_CXX_LIBRARY = "libc++";
				CLANG_ENABLE_MODULES = YES;
				CLANG_ENABLE_OBJC_ARC = YES;
				CLANG_ENABLE_OBJC_WEAK = YES;
				CLANG_WARN_BLOCK_CAPTURE_AUTORELEASING = YES;
				CLANG_WARN_BOOL_CONVERSION = YES;
				CLANG_WARN_COMMA = YES;
				CLANG_WARN_CONSTANT_CONVERSION = YES;
				CLANG_WARN_DEPRECATED_OBJC_IMPLEMENTATIONS = YES;
				CLANG_WARN_DIRECT_OBJC_ISA_USAGE = YES_ERROR;
				CLANG_WARN_DOCUMENTATION_COMMENTS = YES;
				CLANG_WARN_EMPTY_BODY = YES;
				CLANG_WARN_ENUM_CONVERSION = YES;
				CLANG_WARN_INFINITE_RECURSION = YES;
				CLANG_WARN_INT_CONVERSION = YES;
				CLANG_WARN_NON_LITERAL_NULL_CONVERSION = YES;
				CLANG_WARN_OBJC_IMPLICIT_RETAIN_SELF = YES;
				CLANG_WARN_OBJC_LITERAL_CONVERSION = YES;
				CLANG_WARN_OBJC_ROOT_CLASS = YES_ERROR;
				CLANG_WARN_RANGE_LOOP_ANALYSIS = YES;
				CLANG_WARN_STRICT_PROTOTYPES = YES;
				CLANG_WARN_SUSPICIOUS_MOVE = YES;
				CLANG_WARN_UNGUARDED_AVAILABILITY = YES_AGGRESSIVE;
				CLANG_WARN_UNREACHABLE_CODE = YES;
				CLANG_WARN__DUPLICATE_METHOD_MATCH = YES;
				CODE_SIGN_IDENTITY = "iPhone Developer";
				COPY_PHASE_STRIP = NO;
				DEBUG_INFORMATION_FORMAT = dwarf;
				ENABLE_STRICT_OBJC_MSGSEND = YES;
				ENABLE_TESTABILITY = YES;
				GCC_C_LANGUAGE_STANDARD = gnu11;
				GCC_DYNAMIC_NO_PIC = NO;
				GCC_NO_COMMON_BLOCKS = YES;
				GCC_OPTIMIZATION_LEVEL = fast;
				GCC_PREPROCESSOR_DEFINITIONS = (
					"DEBUG=1",
					"$(inherited)",
				);
				GCC_WARN_64_TO_32_BIT_CONVERSION = YES;
				GCC_WARN_ABOUT_RETURN_TYPE = YES_ERROR;
				GCC_WARN_UNDECLARED_SELECTOR = YES;
				GCC_WARN_UNINITIALIZED_AUTOS = YES_AGGRESSIVE;
				GCC_WARN_UNUSED_FUNCTION = YES;
				GCC_WARN_UNUSED_VARIABLE = YES;
				IPHONEOS_DEPLOYMENT_TARGET = 12.0;
				MTL_ENABLE_DEBUG_INFO = INCLUDE_SOURCE;
				MTL_FAST_MATH = YES;
				ONLY_ACTIVE_ARCH = YES;
				SDKROOT = iphoneos;
				SWIFT_ACTIVE_COMPILATION_CONDITIONS = DEBUG;
				SWIFT_OPTIMIZATION_LEVEL = "-Onone";
			};
			name = Debug;
		};
		FF3A6D8B216DB41E002210E9 /* Release */ = {
			isa = XCBuildConfiguration;
			buildSettings = {
				ALWAYS_SEARCH_USER_PATHS = NO;
				CLANG_ANALYZER_NONNULL = YES;
				CLANG_ANALYZER_NUMBER_OBJECT_CONVERSION = YES_AGGRESSIVE;
				CLANG_CXX_LANGUAGE_STANDARD = "gnu++14";
				CLANG_CXX_LIBRARY = "libc++";
				CLANG_ENABLE_MODULES = YES;
				CLANG_ENABLE_OBJC_ARC = YES;
				CLANG_ENABLE_OBJC_WEAK = YES;
				CLANG_WARN_BLOCK_CAPTURE_AUTORELEASING = YES;
				CLANG_WARN_BOOL_CONVERSION = YES;
				CLANG_WARN_COMMA = YES;
				CLANG_WARN_CONSTANT_CONVERSION = YES;
				CLANG_WARN_DEPRECATED_OBJC_IMPLEMENTATIONS = YES;
				CLANG_WARN_DIRECT_OBJC_ISA_USAGE = YES_ERROR;
				CLANG_WARN_DOCUMENTATION_COMMENTS = YES;
				CLANG_WARN_EMPTY_BODY = YES;
				CLANG_WARN_ENUM_CONVERSION = YES;
				CLANG_WARN_INFINITE_RECURSION = YES;
				CLANG_WARN_INT_CONVERSION = YES;
				CLANG_WARN_NON_LITERAL_NULL_CONVERSION = YES;
				CLANG_WARN_OBJC_IMPLICIT_RETAIN_SELF = YES;
				CLANG_WARN_OBJC_LITERAL_CONVERSION = YES;
				CLANG_WARN_OBJC_ROOT_CLASS = YES_ERROR;
				CLANG_WARN_RANGE_LOOP_ANALYSIS = YES;
				CLANG_WARN_STRICT_PROTOTYPES = YES;
				CLANG_WARN_SUSPICIOUS_MOVE = YES;
				CLANG_WARN_UNGUARDED_AVAILABILITY = YES_AGGRESSIVE;
				CLANG_WARN_UNREACHABLE_CODE = YES;
				CLANG_WARN__DUPLICATE_METHOD_MATCH = YES;
				CODE_SIGN_IDENTITY = "iPhone Developer";
				COPY_PHASE_STRIP = NO;
				DEBUG_INFORMATION_FORMAT = "dwarf-with-dsym";
				ENABLE_NS_ASSERTIONS = NO;
				ENABLE_STRICT_OBJC_MSGSEND = YES;
				GCC_C_LANGUAGE_STANDARD = gnu11;
				GCC_NO_COMMON_BLOCKS = YES;
				GCC_WARN_64_TO_32_BIT_CONVERSION = YES;
				GCC_WARN_ABOUT_RETURN_TYPE = YES_ERROR;
				GCC_WARN_UNDECLARED_SELECTOR = YES;
				GCC_WARN_UNINITIALIZED_AUTOS = YES_AGGRESSIVE;
				GCC_WARN_UNUSED_FUNCTION = YES;
				GCC_WARN_UNUSED_VARIABLE = YES;
				IPHONEOS_DEPLOYMENT_TARGET = 12.0;
				MTL_ENABLE_DEBUG_INFO = NO;
				MTL_FAST_MATH = YES;
				SDKROOT = iphoneos;
				SWIFT_COMPILATION_MODE = wholemodule;
				SWIFT_OPTIMIZATION_LEVEL = "-O";
				VALIDATE_PRODUCT = YES;
			};
			name = Release;
		};
		FF3A6D8D216DB41E002210E9 /* Debug */ = {
			isa = XCBuildConfiguration;
			buildSettings = {
				ASSETCATALOG_COMPILER_APPICON_NAME = AppIcon;
				CODE_SIGN_STYLE = Automatic;
				DEVELOPMENT_TEAM = 2P44D5B93M;
				INFOPLIST_FILE = Weather/Info.plist;
				LD_RUNPATH_SEARCH_PATHS = (
					"$(inherited)",
					"@executable_path/Frameworks",
				);
				PRODUCT_BUNDLE_IDENTIFIER = edu.isse.pbl1.Weather;
				PRODUCT_NAME = "$(TARGET_NAME)";
				SWIFT_VERSION = 4.2;
				TARGETED_DEVICE_FAMILY = "1,2";
			};
			name = Debug;
		};
		FF3A6D8E216DB41E002210E9 /* Release */ = {
			isa = XCBuildConfiguration;
			buildSettings = {
				ASSETCATALOG_COMPILER_APPICON_NAME = AppIcon;
				CODE_SIGN_STYLE = Automatic;
				DEVELOPMENT_TEAM = 2P44D5B93M;
				INFOPLIST_FILE = Weather/Info.plist;
				LD_RUNPATH_SEARCH_PATHS = (
					"$(inherited)",
					"@executable_path/Frameworks",
				);
				PRODUCT_BUNDLE_IDENTIFIER = edu.isse.pbl1.Weather;
				PRODUCT_NAME = "$(TARGET_NAME)";
				SWIFT_VERSION = 4.2;
				TARGETED_DEVICE_FAMILY = "1,2";
			};
			name = Release;
		};
/* End XCBuildConfiguration section */

/* Begin XCConfigurationList section */
		FF3A6D75216DB41C002210E9 /* Build configuration list for PBXProject "Weather" */ = {
			isa = XCConfigurationList;
			buildConfigurations = (
				FF3A6D8A216DB41E002210E9 /* Debug */,
				FF3A6D8B216DB41E002210E9 /* Release */,
			);
			defaultConfigurationIsVisible = 0;
			defaultConfigurationName = Release;
		};
		FF3A6D8C216DB41E002210E9 /* Build configuration list for PBXNativeTarget "Weather" */ = {
			isa = XCConfigurationList;
			buildConfigurations = (
				FF3A6D8D216DB41E002210E9 /* Debug */,
				FF3A6D8E216DB41E002210E9 /* Release */,
			);
			defaultConfigurationIsVisible = 0;
			defaultConfigurationName = Release;
		};
/* End XCConfigurationList section */
	};
	rootObject = FF3A6D72216DB41C002210E9 /* Project object */;
}
